
Microsoft Visual Studio Solution File, Format Version 12.00
# Visual Studio 15
VisualStudioVersion = 15.0.27130.2024
MinimumVisualStudioVersion = 10.0.40219.1
Project("{FAE04EC0-301F-11D3-BF4B-00C04F79EFBC}") = "MichaelBrandonMorris.Rqtblr", "MichaelBrandonMorris.Rqtblr\MichaelBrandonMorris.Rqtblr.csproj", "{DAAA3564-C2E4-4601-8726-E1EB76365D6A}"
EndProject
Global
	GlobalSection(SolutionConfigurationPlatforms) = preSolution
		Debug|Any CPU = Debug|Any CPU
		Release|Any CPU = Release|Any CPU
	EndGlobalSection
	GlobalSection(ProjectConfigurationPlatforms) = postSolution
		{DAAA3564-C2E4-4601-8726-E1EB76365D6A}.Debug|Any CPU.ActiveCfg = Debug|Any CPU
		{DAAA3564-C2E4-4601-8726-E1EB76365D6A}.Debug|Any CPU.Build.0 = Debug|Any CPU
		{DAAA3564-C2E4-4601-8726-E1EB76365D6A}.Release|Any CPU.ActiveCfg = Release|Any CPU
		{DAAA3564-C2E4-4601-8726-E1EB76365D6A}.Release|Any CPU.Build.0 = Release|Any CPU
	EndGlobalSection
	GlobalSection(SolutionProperties) = preSolution
		HideSolutionNode = FALSE
	EndGlobalSection
	GlobalSection(ExtensibilityGlobals) = postSolution
		SolutionGuid = {952AF062-3FDD-406B-9377-E70733E981BE}
	EndGlobalSection
EndGlobal
